
Microsoft Visual Studio Solution File, Format Version 12.00
# Visual Studio Version 16
VisualStudioVersion = 16.0.30907.101
MinimumVisualStudioVersion = 10.0.40219.1
Project("{FAE04EC0-301F-11D3-BF4B-00C04F79EFBC}") = "programa39-practica archivo de texto flujos de caract", "programa39-practica archivo de texto flujos de caract.csproj", "{AA9CF4FE-0A0B-4600-9B1B-7A2CE3094A15}"
EndProject
Global
	GlobalSection(SolutionConfigurationPlatforms) = preSolution
		Debug|Any CPU = Debug|Any CPU
		Release|Any CPU = Release|Any CPU
	EndGlobalSection
	GlobalSection(ProjectConfigurationPlatforms) = postSolution
		{AA9CF4FE-0A0B-4600-9B1B-7A2CE3094A15}.Debug|Any CPU.ActiveCfg = Debug|Any CPU
		{AA9CF4FE-0A0B-4600-9B1B-7A2CE3094A15}.Debug|Any CPU.Build.0 = Debug|Any CPU
		{AA9CF4FE-0A0B-4600-9B1B-7A2CE3094A15}.Release|Any CPU.ActiveCfg = Release|Any CPU
		{AA9CF4FE-0A0B-4600-9B1B-7A2CE3094A15}.Release|Any CPU.Build.0 = Release|Any CPU
	EndGlobalSection
	GlobalSection(SolutionProperties) = preSolution
		HideSolutionNode = FALSE
	EndGlobalSection
	GlobalSection(ExtensibilityGlobals) = postSolution
		SolutionGuid = {EA18CD96-D570-4192-9E05-172AF8EA214A}
	EndGlobalSection
EndGlobal
