
Microsoft Visual Studio Solution File, Format Version 12.00
# Visual Studio Version 16
VisualStudioVersion = 16.0.30907.101
MinimumVisualStudioVersion = 10.0.40219.1
Project("{FAE04EC0-301F-11D3-BF4B-00C04F79EFBC}") = "programa12-practica Unidad 1", "programa12-practica Unidad 1.csproj", "{FF6AE0EA-540F-402A-AB50-46315A545DA9}"
EndProject
Global
	GlobalSection(SolutionConfigurationPlatforms) = preSolution
		Debug|Any CPU = Debug|Any CPU
		Release|Any CPU = Release|Any CPU
	EndGlobalSection
	GlobalSection(ProjectConfigurationPlatforms) = postSolution
		{FF6AE0EA-540F-402A-AB50-46315A545DA9}.Debug|Any CPU.ActiveCfg = Debug|Any CPU
		{FF6AE0EA-540F-402A-AB50-46315A545DA9}.Debug|Any CPU.Build.0 = Debug|Any CPU
		{FF6AE0EA-540F-402A-AB50-46315A545DA9}.Release|Any CPU.ActiveCfg = Release|Any CPU
		{FF6AE0EA-540F-402A-AB50-46315A545DA9}.Release|Any CPU.Build.0 = Release|Any CPU
	EndGlobalSection
	GlobalSection(SolutionProperties) = preSolution
		HideSolutionNode = FALSE
	EndGlobalSection
	GlobalSection(ExtensibilityGlobals) = postSolution
		SolutionGuid = {5C0D3B94-250F-41BB-BB06-210F908DEF3E}
	EndGlobalSection
EndGlobal
