
Microsoft Visual Studio Solution File, Format Version 12.00
# Visual Studio Version 16
VisualStudioVersion = 16.0.30907.101
MinimumVisualStudioVersion = 10.0.40219.1
Project("{FAE04EC0-301F-11D3-BF4B-00C04F79EFBC}") = "programa17-practica clase círculo", "programa17-practica clase círculo.csproj", "{FDEFBBE3-4D1B-45F0-BAE9-16BB1F3D57C6}"
EndProject
Global
	GlobalSection(SolutionConfigurationPlatforms) = preSolution
		Debug|Any CPU = Debug|Any CPU
		Release|Any CPU = Release|Any CPU
	EndGlobalSection
	GlobalSection(ProjectConfigurationPlatforms) = postSolution
		{FDEFBBE3-4D1B-45F0-BAE9-16BB1F3D57C6}.Debug|Any CPU.ActiveCfg = Debug|Any CPU
		{FDEFBBE3-4D1B-45F0-BAE9-16BB1F3D57C6}.Debug|Any CPU.Build.0 = Debug|Any CPU
		{FDEFBBE3-4D1B-45F0-BAE9-16BB1F3D57C6}.Release|Any CPU.ActiveCfg = Release|Any CPU
		{FDEFBBE3-4D1B-45F0-BAE9-16BB1F3D57C6}.Release|Any CPU.Build.0 = Release|Any CPU
	EndGlobalSection
	GlobalSection(SolutionProperties) = preSolution
		HideSolutionNode = FALSE
	EndGlobalSection
	GlobalSection(ExtensibilityGlobals) = postSolution
		SolutionGuid = {86031033-1939-4FBA-9322-782C9749E2C1}
	EndGlobalSection
EndGlobal
