
Microsoft Visual Studio Solution File, Format Version 12.00
# Visual Studio Version 16
VisualStudioVersion = 16.0.30907.101
MinimumVisualStudioVersion = 10.0.40219.1
Project("{FAE04EC0-301F-11D3-BF4B-00C04F79EFBC}") = "Tarea_2.1", "Tarea_2.1.csproj", "{03FA826B-4811-43B7-BA95-72B31833B835}"
EndProject
Global
	GlobalSection(SolutionConfigurationPlatforms) = preSolution
		Debug|Any CPU = Debug|Any CPU
		Release|Any CPU = Release|Any CPU
	EndGlobalSection
	GlobalSection(ProjectConfigurationPlatforms) = postSolution
		{03FA826B-4811-43B7-BA95-72B31833B835}.Debug|Any CPU.ActiveCfg = Debug|Any CPU
		{03FA826B-4811-43B7-BA95-72B31833B835}.Debug|Any CPU.Build.0 = Debug|Any CPU
		{03FA826B-4811-43B7-BA95-72B31833B835}.Release|Any CPU.ActiveCfg = Release|Any CPU
		{03FA826B-4811-43B7-BA95-72B31833B835}.Release|Any CPU.Build.0 = Release|Any CPU
	EndGlobalSection
	GlobalSection(SolutionProperties) = preSolution
		HideSolutionNode = FALSE
	EndGlobalSection
	GlobalSection(ExtensibilityGlobals) = postSolution
		SolutionGuid = {C33E1FDC-8DA0-4731-9984-B2FCB1519CFF}
	EndGlobalSection
EndGlobal
