
Microsoft Visual Studio Solution File, Format Version 12.00
# Visual Studio Version 16
VisualStudioVersion = 16.0.30907.101
MinimumVisualStudioVersion = 10.0.40219.1
Project("{FAE04EC0-301F-11D3-BF4B-00C04F79EFBC}") = "programa34-practica Excepción Argumento Fuera de Rango", "programa34-practica Excepción Argumento Fuera de Rango.csproj", "{C45B03E3-7DCD-4900-A07D-B2F2E09044A0}"
EndProject
Global
	GlobalSection(SolutionConfigurationPlatforms) = preSolution
		Debug|Any CPU = Debug|Any CPU
		Release|Any CPU = Release|Any CPU
	EndGlobalSection
	GlobalSection(ProjectConfigurationPlatforms) = postSolution
		{C45B03E3-7DCD-4900-A07D-B2F2E09044A0}.Debug|Any CPU.ActiveCfg = Debug|Any CPU
		{C45B03E3-7DCD-4900-A07D-B2F2E09044A0}.Debug|Any CPU.Build.0 = Debug|Any CPU
		{C45B03E3-7DCD-4900-A07D-B2F2E09044A0}.Release|Any CPU.ActiveCfg = Release|Any CPU
		{C45B03E3-7DCD-4900-A07D-B2F2E09044A0}.Release|Any CPU.Build.0 = Release|Any CPU
	EndGlobalSection
	GlobalSection(SolutionProperties) = preSolution
		HideSolutionNode = FALSE
	EndGlobalSection
	GlobalSection(ExtensibilityGlobals) = postSolution
		SolutionGuid = {434DC114-B112-497E-8334-BAF98BCCFF06}
	EndGlobalSection
EndGlobal
