
Microsoft Visual Studio Solution File, Format Version 12.00
# Visual Studio Version 16
VisualStudioVersion = 16.0.30907.101
MinimumVisualStudioVersion = 10.0.40219.1
Project("{FAE04EC0-301F-11D3-BF4B-00C04F79EFBC}") = "programa6-ejemplo ciclo do while", "programa6-ejemplo ciclo do while.csproj", "{C5728261-1F58-444C-A1C6-86F90105C890}"
EndProject
Global
	GlobalSection(SolutionConfigurationPlatforms) = preSolution
		Debug|Any CPU = Debug|Any CPU
		Release|Any CPU = Release|Any CPU
	EndGlobalSection
	GlobalSection(ProjectConfigurationPlatforms) = postSolution
		{C5728261-1F58-444C-A1C6-86F90105C890}.Debug|Any CPU.ActiveCfg = Debug|Any CPU
		{C5728261-1F58-444C-A1C6-86F90105C890}.Debug|Any CPU.Build.0 = Debug|Any CPU
		{C5728261-1F58-444C-A1C6-86F90105C890}.Release|Any CPU.ActiveCfg = Release|Any CPU
		{C5728261-1F58-444C-A1C6-86F90105C890}.Release|Any CPU.Build.0 = Release|Any CPU
	EndGlobalSection
	GlobalSection(SolutionProperties) = preSolution
		HideSolutionNode = FALSE
	EndGlobalSection
	GlobalSection(ExtensibilityGlobals) = postSolution
		SolutionGuid = {676EE8DE-36AA-41E4-AD78-63F622BA3F93}
	EndGlobalSection
EndGlobal
