
Microsoft Visual Studio Solution File, Format Version 12.00
# Visual Studio Version 16
VisualStudioVersion = 16.0.30907.101
MinimumVisualStudioVersion = 10.0.40219.1
Project("{FAE04EC0-301F-11D3-BF4B-00C04F79EFBC}") = "programa35-practica NegativosException", "programa35-practica NegativosException.csproj", "{81FC307D-F1EA-4AE8-A0DB-4472B22A8A62}"
EndProject
Global
	GlobalSection(SolutionConfigurationPlatforms) = preSolution
		Debug|Any CPU = Debug|Any CPU
		Release|Any CPU = Release|Any CPU
	EndGlobalSection
	GlobalSection(ProjectConfigurationPlatforms) = postSolution
		{81FC307D-F1EA-4AE8-A0DB-4472B22A8A62}.Debug|Any CPU.ActiveCfg = Debug|Any CPU
		{81FC307D-F1EA-4AE8-A0DB-4472B22A8A62}.Debug|Any CPU.Build.0 = Debug|Any CPU
		{81FC307D-F1EA-4AE8-A0DB-4472B22A8A62}.Release|Any CPU.ActiveCfg = Release|Any CPU
		{81FC307D-F1EA-4AE8-A0DB-4472B22A8A62}.Release|Any CPU.Build.0 = Release|Any CPU
	EndGlobalSection
	GlobalSection(SolutionProperties) = preSolution
		HideSolutionNode = FALSE
	EndGlobalSection
	GlobalSection(ExtensibilityGlobals) = postSolution
		SolutionGuid = {80313F1B-1D08-4C45-8A17-B531159E21F4}
	EndGlobalSection
EndGlobal
