
Microsoft Visual Studio Solution File, Format Version 12.00
# Visual Studio Version 16
VisualStudioVersion = 16.0.30907.101
MinimumVisualStudioVersion = 10.0.40219.1
Project("{FAE04EC0-301F-11D3-BF4B-00C04F79EFBC}") = "programa26-practica interfaz volúmenes", "programa26-practica interfaz volúmenes.csproj", "{791115C0-AE84-4B1F-B49E-FE65BF9E1C2B}"
EndProject
Global
	GlobalSection(SolutionConfigurationPlatforms) = preSolution
		Debug|Any CPU = Debug|Any CPU
		Release|Any CPU = Release|Any CPU
	EndGlobalSection
	GlobalSection(ProjectConfigurationPlatforms) = postSolution
		{791115C0-AE84-4B1F-B49E-FE65BF9E1C2B}.Debug|Any CPU.ActiveCfg = Debug|Any CPU
		{791115C0-AE84-4B1F-B49E-FE65BF9E1C2B}.Debug|Any CPU.Build.0 = Debug|Any CPU
		{791115C0-AE84-4B1F-B49E-FE65BF9E1C2B}.Release|Any CPU.ActiveCfg = Release|Any CPU
		{791115C0-AE84-4B1F-B49E-FE65BF9E1C2B}.Release|Any CPU.Build.0 = Release|Any CPU
	EndGlobalSection
	GlobalSection(SolutionProperties) = preSolution
		HideSolutionNode = FALSE
	EndGlobalSection
	GlobalSection(ExtensibilityGlobals) = postSolution
		SolutionGuid = {D5ED62AE-DE6C-4E51-BB2D-DC786EC59F4C}
	EndGlobalSection
EndGlobal
