
Microsoft Visual Studio Solution File, Format Version 12.00
# Visual Studio Version 16
VisualStudioVersion = 16.0.30907.101
MinimumVisualStudioVersion = 10.0.40219.1
Project("{FAE04EC0-301F-11D3-BF4B-00C04F79EFBC}") = "programa22-practica constructores y destructores", "programa22-practica constructores y destructores.csproj", "{450F9470-AE61-4BBB-B366-DDA055666EB8}"
EndProject
Global
	GlobalSection(SolutionConfigurationPlatforms) = preSolution
		Debug|Any CPU = Debug|Any CPU
		Release|Any CPU = Release|Any CPU
	EndGlobalSection
	GlobalSection(ProjectConfigurationPlatforms) = postSolution
		{450F9470-AE61-4BBB-B366-DDA055666EB8}.Debug|Any CPU.ActiveCfg = Debug|Any CPU
		{450F9470-AE61-4BBB-B366-DDA055666EB8}.Debug|Any CPU.Build.0 = Debug|Any CPU
		{450F9470-AE61-4BBB-B366-DDA055666EB8}.Release|Any CPU.ActiveCfg = Release|Any CPU
		{450F9470-AE61-4BBB-B366-DDA055666EB8}.Release|Any CPU.Build.0 = Release|Any CPU
	EndGlobalSection
	GlobalSection(SolutionProperties) = preSolution
		HideSolutionNode = FALSE
	EndGlobalSection
	GlobalSection(ExtensibilityGlobals) = postSolution
		SolutionGuid = {74546C4B-E151-4145-86C7-7BB7BACE18C5}
	EndGlobalSection
EndGlobal
