
Microsoft Visual Studio Solution File, Format Version 12.00
# Visual Studio Version 16
VisualStudioVersion = 16.0.30907.101
MinimumVisualStudioVersion = 10.0.40219.1
Project("{FAE04EC0-301F-11D3-BF4B-00C04F79EFBC}") = "programa38-practica archivo de texto flujos de bytes", "programa38-practica archivo de texto flujos de bytes.csproj", "{0971CC40-FB18-46F8-B9D6-F1FC8E55564C}"
EndProject
Global
	GlobalSection(SolutionConfigurationPlatforms) = preSolution
		Debug|Any CPU = Debug|Any CPU
		Release|Any CPU = Release|Any CPU
	EndGlobalSection
	GlobalSection(ProjectConfigurationPlatforms) = postSolution
		{0971CC40-FB18-46F8-B9D6-F1FC8E55564C}.Debug|Any CPU.ActiveCfg = Debug|Any CPU
		{0971CC40-FB18-46F8-B9D6-F1FC8E55564C}.Debug|Any CPU.Build.0 = Debug|Any CPU
		{0971CC40-FB18-46F8-B9D6-F1FC8E55564C}.Release|Any CPU.ActiveCfg = Release|Any CPU
		{0971CC40-FB18-46F8-B9D6-F1FC8E55564C}.Release|Any CPU.Build.0 = Release|Any CPU
	EndGlobalSection
	GlobalSection(SolutionProperties) = preSolution
		HideSolutionNode = FALSE
	EndGlobalSection
	GlobalSection(ExtensibilityGlobals) = postSolution
		SolutionGuid = {9FFA6B96-F04A-4DBB-857B-C2E23D0D571C}
	EndGlobalSection
EndGlobal
