
Microsoft Visual Studio Solution File, Format Version 12.00
# Visual Studio Version 16
VisualStudioVersion = 16.0.30907.101
MinimumVisualStudioVersion = 10.0.40219.1
Project("{FAE04EC0-301F-11D3-BF4B-00C04F79EFBC}") = "programa33-practica Excepción División sobre Cero", "programa33-practica Excepción División sobre Cero.csproj", "{C2CE3500-39A4-4E4C-9956-D7FD805B24B3}"
EndProject
Global
	GlobalSection(SolutionConfigurationPlatforms) = preSolution
		Debug|Any CPU = Debug|Any CPU
		Release|Any CPU = Release|Any CPU
	EndGlobalSection
	GlobalSection(ProjectConfigurationPlatforms) = postSolution
		{C2CE3500-39A4-4E4C-9956-D7FD805B24B3}.Debug|Any CPU.ActiveCfg = Debug|Any CPU
		{C2CE3500-39A4-4E4C-9956-D7FD805B24B3}.Debug|Any CPU.Build.0 = Debug|Any CPU
		{C2CE3500-39A4-4E4C-9956-D7FD805B24B3}.Release|Any CPU.ActiveCfg = Release|Any CPU
		{C2CE3500-39A4-4E4C-9956-D7FD805B24B3}.Release|Any CPU.Build.0 = Release|Any CPU
	EndGlobalSection
	GlobalSection(SolutionProperties) = preSolution
		HideSolutionNode = FALSE
	EndGlobalSection
	GlobalSection(ExtensibilityGlobals) = postSolution
		SolutionGuid = {AA4D2C99-771C-4587-9651-853F677F4841}
	EndGlobalSection
EndGlobal
