
Microsoft Visual Studio Solution File, Format Version 12.00
# Visual Studio Version 16
VisualStudioVersion = 16.0.30907.101
MinimumVisualStudioVersion = 10.0.40219.1
Project("{FAE04EC0-301F-11D3-BF4B-00C04F79EFBC}") = "GarciaCordero_U5", "GarciaCordero_U5.csproj", "{65711C22-AB50-4B7F-82C2-8BDB7D61DF1C}"
EndProject
Global
	GlobalSection(SolutionConfigurationPlatforms) = preSolution
		Debug|Any CPU = Debug|Any CPU
		Release|Any CPU = Release|Any CPU
	EndGlobalSection
	GlobalSection(ProjectConfigurationPlatforms) = postSolution
		{65711C22-AB50-4B7F-82C2-8BDB7D61DF1C}.Debug|Any CPU.ActiveCfg = Debug|Any CPU
		{65711C22-AB50-4B7F-82C2-8BDB7D61DF1C}.Debug|Any CPU.Build.0 = Debug|Any CPU
		{65711C22-AB50-4B7F-82C2-8BDB7D61DF1C}.Release|Any CPU.ActiveCfg = Release|Any CPU
		{65711C22-AB50-4B7F-82C2-8BDB7D61DF1C}.Release|Any CPU.Build.0 = Release|Any CPU
	EndGlobalSection
	GlobalSection(SolutionProperties) = preSolution
		HideSolutionNode = FALSE
	EndGlobalSection
	GlobalSection(ExtensibilityGlobals) = postSolution
		SolutionGuid = {2FD2A3BD-1DC6-4810-97F7-1C689DB497C3}
	EndGlobalSection
EndGlobal
